
Microsoft Visual Studio Solution File, Format Version 11.00
# Visual Studio 2010
Project("{F184B08F-C81C-45F6-A57F-5ABD9991F28F}") = "WindowsApplication1", "WindowsApplication1\WindowsApplication1.vbproj", "{C4D2D542-1BD6-477E-9966-0454852565FF}"
EndProject
Global
	GlobalSection(SolutionConfigurationPlatforms) = preSolution
		Debug|x86 = Debug|x86
		Release|x86 = Release|x86
	EndGlobalSection
	GlobalSection(ProjectConfigurationPlatforms) = postSolution
		{C4D2D542-1BD6-477E-9966-0454852565FF}.Debug|x86.ActiveCfg = Debug|x86
		{C4D2D542-1BD6-477E-9966-0454852565FF}.Debug|x86.Build.0 = Debug|x86
		{C4D2D542-1BD6-477E-9966-0454852565FF}.Release|x86.ActiveCfg = Release|x86
		{C4D2D542-1BD6-477E-9966-0454852565FF}.Release|x86.Build.0 = Release|x86
	EndGlobalSection
	GlobalSection(SolutionProperties) = preSolution
		HideSolutionNode = FALSE
	EndGlobalSection
EndGlobal
